
Microsoft Visual Studio Solution File, Format Version 12.00
# Visual Studio Version 16
VisualStudioVersion = 16.0.30804.86
MinimumVisualStudioVersion = 10.0.40219.1
Project("{FAE04EC0-301F-11D3-BF4B-00C04F79EFBC}") = "OurWorldOfPixelsCreator", "OurWorldOfPixelsCreator\OurWorldOfPixelsCreator.csproj", "{A26F9BF7-559B-4768-934E-1A69F2726688}"
EndProject
Global
	GlobalSection(SolutionConfigurationPlatforms) = preSolution
		Debug|Any CPU = Debug|Any CPU
		Release|Any CPU = Release|Any CPU
	EndGlobalSection
	GlobalSection(ProjectConfigurationPlatforms) = postSolution
		{A26F9BF7-559B-4768-934E-1A69F2726688}.Debug|Any CPU.ActiveCfg = Debug|Any CPU
		{A26F9BF7-559B-4768-934E-1A69F2726688}.Debug|Any CPU.Build.0 = Debug|Any CPU
		{A26F9BF7-559B-4768-934E-1A69F2726688}.Release|Any CPU.ActiveCfg = Release|Any CPU
		{A26F9BF7-559B-4768-934E-1A69F2726688}.Release|Any CPU.Build.0 = Release|Any CPU
	EndGlobalSection
	GlobalSection(SolutionProperties) = preSolution
		HideSolutionNode = FALSE
	EndGlobalSection
	GlobalSection(ExtensibilityGlobals) = postSolution
		SolutionGuid = {27EFBAAA-6492-43E2-A279-04C672201AAC}
	EndGlobalSection
EndGlobal
